// !$*UTF8*$!
{
	archiveVersion = 1;
	classes = {
	};
	objectVersion = 46;
	objects = {

/* Begin PBXBuildFile section */
		1D122B821DDEA1D30036B36F /* EventViewController.m in Sources */ = {isa = PBXBuildFile; fileRef = 1D122B811DDEA1D30036B36F /* EventViewController.m */; };
		1D122B901DDECCBB0036B36F /* UIColor+ColorChange.m in Sources */ = {isa = PBXBuildFile; fileRef = 1D122B8F1DDECCBB0036B36F /* UIColor+ColorChange.m */; };
		1DDE534E1DCAE005003AC3B3 /* main.m in Sources */ = {isa = PBXBuildFile; fileRef = 1DDE534D1DCAE005003AC3B3 /* main.m */; };
		1DDE53511DCAE005003AC3B3 /* AppDelegate.m in Sources */ = {isa = PBXBuildFile; fileRef = 1DDE53501DCAE005003AC3B3 /* AppDelegate.m */; };
		1DDE53531DCAE005003AC3B3 /* Assets.xcassets in Resources */ = {isa = PBXBuildFile; fileRef = 1DDE53521DCAE005003AC3B3 /* Assets.xcassets */; };
		1DDE53561DCAE005003AC3B3 /* LaunchScreen.storyboard in Resources */ = {isa = PBXBuildFile; fileRef = 1DDE53541DCAE005003AC3B3 /* LaunchScreen.storyboard */; };
		1DF4FDAD1DE2DA9100AF1415 /* RankViewController.m in Sources */ = {isa = PBXBuildFile; fileRef = 1DF4FDAC1DE2DA9100AF1415 /* RankViewController.m */; };
		1DF4FDB01DE2DB1300AF1415 /* TeamViewController.m in Sources */ = {isa = PBXBuildFile; fileRef = 1DF4FDAF1DE2DB1300AF1415 /* TeamViewController.m */; };
		1DF4FDB31DE2DB2800AF1415 /* SettingViewController.m in Sources */ = {isa = PBXBuildFile; fileRef = 1DF4FDB21DE2DB2800AF1415 /* SettingViewController.m */; };
		1DF4FDFA1DE3EA6400AF1415 /* RidingViewController.m in Sources */ = {isa = PBXBuildFile; fileRef = 1DF4FDF91DE3EA6400AF1415 /* RidingViewController.m */; };
		1DF4FE011DE54D7500AF1415 /* TabbarHelper.m in Sources */ = {isa = PBXBuildFile; fileRef = 1DF4FE001DE54D7500AF1415 /* TabbarHelper.m */; };
		1DF4FE051DE54E8900AF1415 /* HomeViewController.m in Sources */ = {isa = PBXBuildFile; fileRef = 1DF4FE041DE54E8900AF1415 /* HomeViewController.m */; };
		1DF4FE091DE5659000AF1415 /* LoginViewController.m in Sources */ = {isa = PBXBuildFile; fileRef = 1DF4FE081DE5659000AF1415 /* LoginViewController.m */; };
		1DF4FE0D1DE5686500AF1415 /* BaseViewController.m in Sources */ = {isa = PBXBuildFile; fileRef = 1DF4FE0C1DE5686500AF1415 /* BaseViewController.m */; };
		1DF4FE371DE69A9400AF1415 /* MBProgressHUD.m in Sources */ = {isa = PBXBuildFile; fileRef = 1DF4FE361DE69A9400AF1415 /* MBProgressHUD.m */; };
		1DF4FE3A1DE69BD300AF1415 /* MBProgressHUD+NJ.m in Sources */ = {isa = PBXBuildFile; fileRef = 1DF4FE391DE69BD300AF1415 /* MBProgressHUD+NJ.m */; };
		1DF4FE481DE6CFE100AF1415 /* AsyncImageDownloader.m in Sources */ = {isa = PBXBuildFile; fileRef = 1DF4FE401DE6CFE100AF1415 /* AsyncImageDownloader.m */; };
		1DF4FE491DE6CFE100AF1415 /* ImageCacheQueue.m in Sources */ = {isa = PBXBuildFile; fileRef = 1DF4FE421DE6CFE100AF1415 /* ImageCacheQueue.m */; };
		1DF4FE4A1DE6CFE100AF1415 /* NSString+MD5.m in Sources */ = {isa = PBXBuildFile; fileRef = 1DF4FE441DE6CFE100AF1415 /* NSString+MD5.m */; };
		1DF4FE4C1DE6CFE100AF1415 /* UIImageView+OnlineImage.m in Sources */ = {isa = PBXBuildFile; fileRef = 1DF4FE471DE6CFE100AF1415 /* UIImageView+OnlineImage.m */; };
/* End PBXBuildFile section */

/* Begin PBXFileReference section */
		1D122B801DDEA1D30036B36F /* EventViewController.h */ = {isa = PBXFileReference; fileEncoding = 4; lastKnownFileType = sourcecode.c.h; path = EventViewController.h; sourceTree = "<group>"; };
		1D122B811DDEA1D30036B36F /* EventViewController.m */ = {isa = PBXFileReference; fileEncoding = 4; lastKnownFileType = sourcecode.c.objc; path = EventViewController.m; sourceTree = "<group>"; };
		1D122B8E1DDECCBB0036B36F /* UIColor+ColorChange.h */ = {isa = PBXFileReference; fileEncoding = 4; lastKnownFileType = sourcecode.c.h; path = "UIColor+ColorChange.h"; sourceTree = "<group>"; };
		1D122B8F1DDECCBB0036B36F /* UIColor+ColorChange.m */ = {isa = PBXFileReference; fileEncoding = 4; lastKnownFileType = sourcecode.c.objc; path = "UIColor+ColorChange.m"; sourceTree = "<group>"; };
		1DDE53491DCAE005003AC3B3 /* vnews.app */ = {isa = PBXFileReference; explicitFileType = wrapper.application; includeInIndex = 0; path = vnews.app; sourceTree = BUILT_PRODUCTS_DIR; };
		1DDE534D1DCAE005003AC3B3 /* main.m */ = {isa = PBXFileReference; lastKnownFileType = sourcecode.c.objc; path = main.m; sourceTree = "<group>"; };
		1DDE534F1DCAE005003AC3B3 /* AppDelegate.h */ = {isa = PBXFileReference; lastKnownFileType = sourcecode.c.h; path = AppDelegate.h; sourceTree = "<group>"; };
		1DDE53501DCAE005003AC3B3 /* AppDelegate.m */ = {isa = PBXFileReference; lastKnownFileType = sourcecode.c.objc; path = AppDelegate.m; sourceTree = "<group>"; };
		1DDE53521DCAE005003AC3B3 /* Assets.xcassets */ = {isa = PBXFileReference; lastKnownFileType = folder.assetcatalog; path = Assets.xcassets; sourceTree = "<group>"; };
		1DDE53551DCAE005003AC3B3 /* Base */ = {isa = PBXFileReference; lastKnownFileType = file.storyboard; name = Base; path = Base.lproj/LaunchScreen.storyboard; sourceTree = "<group>"; };
		1DDE53571DCAE005003AC3B3 /* Info.plist */ = {isa = PBXFileReference; lastKnownFileType = text.plist.xml; path = Info.plist; sourceTree = "<group>"; };
		1DF4FDAB1DE2DA9100AF1415 /* RankViewController.h */ = {isa = PBXFileReference; fileEncoding = 4; lastKnownFileType = sourcecode.c.h; path = RankViewController.h; sourceTree = "<group>"; };
		1DF4FDAC1DE2DA9100AF1415 /* RankViewController.m */ = {isa = PBXFileReference; fileEncoding = 4; lastKnownFileType = sourcecode.c.objc; path = RankViewController.m; sourceTree = "<group>"; };
		1DF4FDAE1DE2DB1300AF1415 /* TeamViewController.h */ = {isa = PBXFileReference; fileEncoding = 4; lastKnownFileType = sourcecode.c.h; path = TeamViewController.h; sourceTree = "<group>"; };
		1DF4FDAF1DE2DB1300AF1415 /* TeamViewController.m */ = {isa = PBXFileReference; fileEncoding = 4; lastKnownFileType = sourcecode.c.objc; path = TeamViewController.m; sourceTree = "<group>"; };
		1DF4FDB11DE2DB2800AF1415 /* SettingViewController.h */ = {isa = PBXFileReference; fileEncoding = 4; lastKnownFileType = sourcecode.c.h; path = SettingViewController.h; sourceTree = "<group>"; };
		1DF4FDB21DE2DB2800AF1415 /* SettingViewController.m */ = {isa = PBXFileReference; fileEncoding = 4; lastKnownFileType = sourcecode.c.objc; path = SettingViewController.m; sourceTree = "<group>"; };
		1DF4FDF81DE3EA6400AF1415 /* RidingViewController.h */ = {isa = PBXFileReference; fileEncoding = 4; lastKnownFileType = sourcecode.c.h; path = RidingViewController.h; sourceTree = "<group>"; };
		1DF4FDF91DE3EA6400AF1415 /* RidingViewController.m */ = {isa = PBXFileReference; fileEncoding = 4; lastKnownFileType = sourcecode.c.objc; path = RidingViewController.m; sourceTree = "<group>"; };
		1DF4FDFF1DE54D7500AF1415 /* TabbarHelper.h */ = {isa = PBXFileReference; fileEncoding = 4; lastKnownFileType = sourcecode.c.h; path = TabbarHelper.h; sourceTree = "<group>"; };
		1DF4FE001DE54D7500AF1415 /* TabbarHelper.m */ = {isa = PBXFileReference; fileEncoding = 4; lastKnownFileType = sourcecode.c.objc; path = TabbarHelper.m; sourceTree = "<group>"; };
		1DF4FE031DE54E8900AF1415 /* HomeViewController.h */ = {isa = PBXFileReference; fileEncoding = 4; lastKnownFileType = sourcecode.c.h; path = HomeViewController.h; sourceTree = "<group>"; };
		1DF4FE041DE54E8900AF1415 /* HomeViewController.m */ = {isa = PBXFileReference; fileEncoding = 4; lastKnownFileType = sourcecode.c.objc; path = HomeViewController.m; sourceTree = "<group>"; };
		1DF4FE071DE5659000AF1415 /* LoginViewController.h */ = {isa = PBXFileReference; fileEncoding = 4; lastKnownFileType = sourcecode.c.h; path = LoginViewController.h; sourceTree = "<group>"; };
		1DF4FE081DE5659000AF1415 /* LoginViewController.m */ = {isa = PBXFileReference; fileEncoding = 4; lastKnownFileType = sourcecode.c.objc; path = LoginViewController.m; sourceTree = "<group>"; };
		1DF4FE0B1DE5686500AF1415 /* BaseViewController.h */ = {isa = PBXFileReference; fileEncoding = 4; lastKnownFileType = sourcecode.c.h; path = BaseViewController.h; sourceTree = "<group>"; };
		1DF4FE0C1DE5686500AF1415 /* BaseViewController.m */ = {isa = PBXFileReference; fileEncoding = 4; lastKnownFileType = sourcecode.c.objc; path = BaseViewController.m; sourceTree = "<group>"; };
		1DF4FE351DE69A9400AF1415 /* MBProgressHUD.h */ = {isa = PBXFileReference; fileEncoding = 4; lastKnownFileType = sourcecode.c.h; path = MBProgressHUD.h; sourceTree = "<group>"; };
		1DF4FE361DE69A9400AF1415 /* MBProgressHUD.m */ = {isa = PBXFileReference; fileEncoding = 4; lastKnownFileType = sourcecode.c.objc; path = MBProgressHUD.m; sourceTree = "<group>"; };
		1DF4FE381DE69BD300AF1415 /* MBProgressHUD+NJ.h */ = {isa = PBXFileReference; fileEncoding = 4; lastKnownFileType = sourcecode.c.h; path = "MBProgressHUD+NJ.h"; sourceTree = "<group>"; };
		1DF4FE391DE69BD300AF1415 /* MBProgressHUD+NJ.m */ = {isa = PBXFileReference; fileEncoding = 4; lastKnownFileType = sourcecode.c.objc; path = "MBProgressHUD+NJ.m"; sourceTree = "<group>"; };
		1DF4FE3F1DE6CFE100AF1415 /* AsyncImageDownloader.h */ = {isa = PBXFileReference; fileEncoding = 4; lastKnownFileType = sourcecode.c.h; path = AsyncImageDownloader.h; sourceTree = "<group>"; };
		1DF4FE401DE6CFE100AF1415 /* AsyncImageDownloader.m */ = {isa = PBXFileReference; fileEncoding = 4; lastKnownFileType = sourcecode.c.objc; path = AsyncImageDownloader.m; sourceTree = "<group>"; };
		1DF4FE411DE6CFE100AF1415 /* ImageCacheQueue.h */ = {isa = PBXFileReference; fileEncoding = 4; lastKnownFileType = sourcecode.c.h; path = ImageCacheQueue.h; sourceTree = "<group>"; };
		1DF4FE421DE6CFE100AF1415 /* ImageCacheQueue.m */ = {isa = PBXFileReference; fileEncoding = 4; lastKnownFileType = sourcecode.c.objc; path = ImageCacheQueue.m; sourceTree = "<group>"; };
		1DF4FE431DE6CFE100AF1415 /* NSString+MD5.h */ = {isa = PBXFileReference; fileEncoding = 4; lastKnownFileType = sourcecode.c.h; path = "NSString+MD5.h"; sourceTree = "<group>"; };
		1DF4FE441DE6CFE100AF1415 /* NSString+MD5.m */ = {isa = PBXFileReference; fileEncoding = 4; lastKnownFileType = sourcecode.c.objc; path = "NSString+MD5.m"; sourceTree = "<group>"; };
		1DF4FE461DE6CFE100AF1415 /* UIImageView+OnlineImage.h */ = {isa = PBXFileReference; fileEncoding = 4; lastKnownFileType = sourcecode.c.h; path = "UIImageView+OnlineImage.h"; sourceTree = "<group>"; };
		1DF4FE471DE6CFE100AF1415 /* UIImageView+OnlineImage.m */ = {isa = PBXFileReference; fileEncoding = 4; lastKnownFileType = sourcecode.c.objc; path = "UIImageView+OnlineImage.m"; sourceTree = "<group>"; };
/* End PBXFileReference section */

/* Begin PBXFrameworksBuildPhase section */
		1DDE53461DCAE005003AC3B3 /* Frameworks */ = {
			isa = PBXFrameworksBuildPhase;
			buildActionMask = 2147483647;
			files = (
			);
			runOnlyForDeploymentPostprocessing = 0;
		};
/* End PBXFrameworksBuildPhase section */

/* Begin PBXGroup section */
		1D122B7C1DDEA1340036B36F /* tab_home */ = {
			isa = PBXGroup;
			children = (
				1DF4FDF81DE3EA6400AF1415 /* RidingViewController.h */,
				1DF4FDF91DE3EA6400AF1415 /* RidingViewController.m */,
				1D122B801DDEA1D30036B36F /* EventViewController.h */,
				1D122B811DDEA1D30036B36F /* EventViewController.m */,
				1DF4FDAB1DE2DA9100AF1415 /* RankViewController.h */,
				1DF4FDAC1DE2DA9100AF1415 /* RankViewController.m */,
				1DF4FDAE1DE2DB1300AF1415 /* TeamViewController.h */,
				1DF4FDAF1DE2DB1300AF1415 /* TeamViewController.m */,
				1DF4FDB11DE2DB2800AF1415 /* SettingViewController.h */,
				1DF4FDB21DE2DB2800AF1415 /* SettingViewController.m */,
			);
			name = tab_home;
			sourceTree = "<group>";
		};
		1D122B8D1DDECC900036B36F /* utils */ = {
			isa = PBXGroup;
			children = (
				1DF4FE3E1DE6CFB600AF1415 /* imageLoader */,
				1DF4FE3D1DE6CFA900AF1415 /* TabBar */,
				1DF4FE3C1DE6CF9B00AF1415 /* color */,
				1DF4FE3B1DE69C2200AF1415 /* progress_hud */,
			);
			name = utils;
			sourceTree = "<group>";
		};
		1DDE53401DCAE005003AC3B3 = {
			isa = PBXGroup;
			children = (
				1DDE534B1DCAE005003AC3B3 /* vnews */,
				1DDE534A1DCAE005003AC3B3 /* Products */,
			);
			sourceTree = "<group>";
		};
		1DDE534A1DCAE005003AC3B3 /* Products */ = {
			isa = PBXGroup;
			children = (
				1DDE53491DCAE005003AC3B3 /* vnews.app */,
			);
			name = Products;
			sourceTree = "<group>";
		};
		1DDE534B1DCAE005003AC3B3 /* vnews */ = {
			isa = PBXGroup;
			children = (
				1DF4FE0A1DE5685800AF1415 /* base */,
				1DF4FE061DE564DE00AF1415 /* login */,
				1DF4FE021DE54E2B00AF1415 /* main */,
				1D122B8D1DDECC900036B36F /* utils */,
				1D122B7C1DDEA1340036B36F /* tab_home */,
				1DDE534F1DCAE005003AC3B3 /* AppDelegate.h */,
				1DDE53501DCAE005003AC3B3 /* AppDelegate.m */,
				1DDE53521DCAE005003AC3B3 /* Assets.xcassets */,
				1DDE53541DCAE005003AC3B3 /* LaunchScreen.storyboard */,
				1DDE53571DCAE005003AC3B3 /* Info.plist */,
				1DDE534C1DCAE005003AC3B3 /* Supporting Files */,
			);
			name = vnews;
			path = Demo;
			sourceTree = "<group>";
		};
		1DDE534C1DCAE005003AC3B3 /* Supporting Files */ = {
			isa = PBXGroup;
			children = (
				1DDE534D1DCAE005003AC3B3 /* main.m */,
			);
			name = "Supporting Files";
			sourceTree = "<group>";
		};
		1DF4FE021DE54E2B00AF1415 /* main */ = {
			isa = PBXGroup;
			children = (
				1DF4FE031DE54E8900AF1415 /* HomeViewController.h */,
				1DF4FE041DE54E8900AF1415 /* HomeViewController.m */,
			);
			name = main;
			sourceTree = "<group>";
		};
		1DF4FE061DE564DE00AF1415 /* login */ = {
			isa = PBXGroup;
			children = (
				1DF4FE071DE5659000AF1415 /* LoginViewController.h */,
				1DF4FE081DE5659000AF1415 /* LoginViewController.m */,
			);
			name = login;
			sourceTree = "<group>";
		};
		1DF4FE0A1DE5685800AF1415 /* base */ = {
			isa = PBXGroup;
			children = (
				1DF4FE0B1DE5686500AF1415 /* BaseViewController.h */,
				1DF4FE0C1DE5686500AF1415 /* BaseViewController.m */,
			);
			name = base;
			sourceTree = "<group>";
		};
		1DF4FE3B1DE69C2200AF1415 /* progress_hud */ = {
			isa = PBXGroup;
			children = (
				1DF4FE351DE69A9400AF1415 /* MBProgressHUD.h */,
				1DF4FE361DE69A9400AF1415 /* MBProgressHUD.m */,
				1DF4FE381DE69BD300AF1415 /* MBProgressHUD+NJ.h */,
				1DF4FE391DE69BD300AF1415 /* MBProgressHUD+NJ.m */,
			);
			name = progress_hud;
			sourceTree = "<group>";
		};
		1DF4FE3C1DE6CF9B00AF1415 /* color */ = {
			isa = PBXGroup;
			children = (
				1D122B8E1DDECCBB0036B36F /* UIColor+ColorChange.h */,
				1D122B8F1DDECCBB0036B36F /* UIColor+ColorChange.m */,
			);
			name = color;
			sourceTree = "<group>";
		};
		1DF4FE3D1DE6CFA900AF1415 /* TabBar */ = {
			isa = PBXGroup;
			children = (
				1DF4FDFF1DE54D7500AF1415 /* TabbarHelper.h */,
				1DF4FE001DE54D7500AF1415 /* TabbarHelper.m */,
			);
			name = TabBar;
			sourceTree = "<group>";
		};
		1DF4FE3E1DE6CFB600AF1415 /* imageLoader */ = {
			isa = PBXGroup;
			children = (
				1DF4FE3F1DE6CFE100AF1415 /* AsyncImageDownloader.h */,
				1DF4FE401DE6CFE100AF1415 /* AsyncImageDownloader.m */,
				1DF4FE411DE6CFE100AF1415 /* ImageCacheQueue.h */,
				1DF4FE421DE6CFE100AF1415 /* ImageCacheQueue.m */,
				1DF4FE431DE6CFE100AF1415 /* NSString+MD5.h */,
				1DF4FE441DE6CFE100AF1415 /* NSString+MD5.m */,
				1DF4FE461DE6CFE100AF1415 /* UIImageView+OnlineImage.h */,
				1DF4FE471DE6CFE100AF1415 /* UIImageView+OnlineImage.m */,
			);
			name = imageLoader;
			sourceTree = "<group>";
		};
/* End PBXGroup section */

/* Begin PBXNativeTarget section */
		1DDE53481DCAE005003AC3B3 /* vnews */ = {
			isa = PBXNativeTarget;
			buildConfigurationList = 1DDE535A1DCAE005003AC3B3 /* Build configuration list for PBXNativeTarget "vnews" */;
			buildPhases = (
				1DDE53451DCAE005003AC3B3 /* Sources */,
				1DDE53461DCAE005003AC3B3 /* Frameworks */,
				1DDE53471DCAE005003AC3B3 /* Resources */,
			);
			buildRules = (
			);
			dependencies = (
			);
			name = vnews;
			productName = Demo;
			productReference = 1DDE53491DCAE005003AC3B3 /* vnews.app */;
			productType = "com.apple.product-type.application";
		};
/* End PBXNativeTarget section */

/* Begin PBXProject section */
		1DDE53411DCAE005003AC3B3 /* Project object */ = {
			isa = PBXProject;
			attributes = {
				LastUpgradeCheck = 0810;
				ORGANIZATIONNAME = vac;
				TargetAttributes = {
					1DDE53481DCAE005003AC3B3 = {
						CreatedOnToolsVersion = 8.0;
						DevelopmentTeam = 92J3D5S8UZ;
						ProvisioningStyle = Automatic;
					};
				};
			};
			buildConfigurationList = 1DDE53441DCAE005003AC3B3 /* Build configuration list for PBXProject "vnews" */;
			compatibilityVersion = "Xcode 3.2";
			developmentRegion = English;
			hasScannedForEncodings = 0;
			knownRegions = (
				en,
				Base,
			);
			mainGroup = 1DDE53401DCAE005003AC3B3;
			productRefGroup = 1DDE534A1DCAE005003AC3B3 /* Products */;
			projectDirPath = "";
			projectRoot = "";
			targets = (
				1DDE53481DCAE005003AC3B3 /* vnews */,
			);
		};
/* End PBXProject section */

/* Begin PBXResourcesBuildPhase section */
		1DDE53471DCAE005003AC3B3 /* Resources */ = {
			isa = PBXResourcesBuildPhase;
			buildActionMask = 2147483647;
			files = (
				1DDE53531DCAE005003AC3B3 /* Assets.xcassets in Resources */,
				1DDE53561DCAE005003AC3B3 /* LaunchScreen.storyboard in Resources */,
			);
			runOnlyForDeploymentPostprocessing = 0;
		};
/* End PBXResourcesBuildPhase section */

/* Begin PBXSourcesBuildPhase section */
		1DDE53451DCAE005003AC3B3 /* Sources */ = {
			isa = PBXSourcesBuildPhase;
			buildActionMask = 2147483647;
			files = (
				1DF4FDB01DE2DB1300AF1415 /* TeamViewController.m in Sources */,
				1DF4FE0D1DE5686500AF1415 /* BaseViewController.m in Sources */,
				1DF4FE4C1DE6CFE100AF1415 /* UIImageView+OnlineImage.m in Sources */,
				1D122B901DDECCBB0036B36F /* UIColor+ColorChange.m in Sources */,
				1DF4FDAD1DE2DA9100AF1415 /* RankViewController.m in Sources */,
				1DF4FE4A1DE6CFE100AF1415 /* NSString+MD5.m in Sources */,
				1DF4FE481DE6CFE100AF1415 /* AsyncImageDownloader.m in Sources */,
				1DF4FE011DE54D7500AF1415 /* TabbarHelper.m in Sources */,
				1DF4FE051DE54E8900AF1415 /* HomeViewController.m in Sources */,
				1DDE53511DCAE005003AC3B3 /* AppDelegate.m in Sources */,
				1DF4FE491DE6CFE100AF1415 /* ImageCacheQueue.m in Sources */,
				1DDE534E1DCAE005003AC3B3 /* main.m in Sources */,
				1DF4FDFA1DE3EA6400AF1415 /* RidingViewController.m in Sources */,
				1DF4FE3A1DE69BD300AF1415 /* MBProgressHUD+NJ.m in Sources */,
				1DF4FE371DE69A9400AF1415 /* MBProgressHUD.m in Sources */,
				1D122B821DDEA1D30036B36F /* EventViewController.m in Sources */,
				1DF4FE091DE5659000AF1415 /* LoginViewController.m in Sources */,
				1DF4FDB31DE2DB2800AF1415 /* SettingViewController.m in Sources */,
			);
			runOnlyForDeploymentPostprocessing = 0;
		};
/* End PBXSourcesBuildPhase section */

/* Begin PBXVariantGroup section */
		1DDE53541DCAE005003AC3B3 /* LaunchScreen.storyboard */ = {
			isa = PBXVariantGroup;
			children = (
				1DDE53551DCAE005003AC3B3 /* Base */,
			);
			name = LaunchScreen.storyboard;
			sourceTree = "<group>";
		};
/* End PBXVariantGroup section */

/* Begin XCBuildConfiguration section */
		1DDE53581DCAE005003AC3B3 /* Debug */ = {
			isa = XCBuildConfiguration;
			buildSettings = {
				ALWAYS_SEARCH_USER_PATHS = NO;
				CLANG_ANALYZER_NONNULL = YES;
				CLANG_CXX_LANGUAGE_STANDARD = "gnu++0x";
				CLANG_CXX_LIBRARY = "libc++";
				CLANG_ENABLE_MODULES = YES;
				CLANG_ENABLE_OBJC_ARC = YES;
				CLANG_WARN_BOOL_CONVERSION = YES;
				CLANG_WARN_CONSTANT_CONVERSION = YES;
				CLANG_WARN_DIRECT_OBJC_ISA_USAGE = YES_ERROR;
				CLANG_WARN_DOCUMENTATION_COMMENTS = YES;
				CLANG_WARN_EMPTY_BODY = YES;
				CLANG_WARN_ENUM_CONVERSION = YES;
				CLANG_WARN_INFINITE_RECURSION = YES;
				CLANG_WARN_INT_CONVERSION = YES;
				CLANG_WARN_OBJC_ROOT_CLASS = YES_ERROR;
				CLANG_WARN_SUSPICIOUS_MOVE = YES;
				CLANG_WARN_SUSPICIOUS_MOVES = YES;
				CLANG_WARN_UNREACHABLE_CODE = YES;
				CLANG_WARN__DUPLICATE_METHOD_MATCH = YES;
				"CODE_SIGN_IDENTITY[sdk=iphoneos*]" = "iPhone Developer";
				COPY_PHASE_STRIP = NO;
				DEBUG_INFORMATION_FORMAT = dwarf;
				ENABLE_STRICT_OBJC_MSGSEND = YES;
				ENABLE_TESTABILITY = YES;
				GCC_C_LANGUAGE_STANDARD = gnu99;
				GCC_DYNAMIC_NO_PIC = NO;
				GCC_NO_COMMON_BLOCKS = YES;
				GCC_OPTIMIZATION_LEVEL = 0;
				GCC_PREPROCESSOR_DEFINITIONS = (
					"DEBUG=1",
					"$(inherited)",
				);
				GCC_WARN_64_TO_32_BIT_CONVERSION = YES;
				GCC_WARN_ABOUT_RETURN_TYPE = YES_ERROR;
				GCC_WARN_UNDECLARED_SELECTOR = YES;
				GCC_WARN_UNINITIALIZED_AUTOS = YES_AGGRESSIVE;
				GCC_WARN_UNUSED_FUNCTION = YES;
				GCC_WARN_UNUSED_VARIABLE = YES;
				IPHONEOS_DEPLOYMENT_TARGET = 10.1;
				MTL_ENABLE_DEBUG_INFO = YES;
				ONLY_ACTIVE_ARCH = YES;
				SDKROOT = iphoneos;
			};
			name = Debug;
		};
		1DDE53591DCAE005003AC3B3 /* Release */ = {
			isa = XCBuildConfiguration;
			buildSettings = {
				ALWAYS_SEARCH_USER_PATHS = NO;
				CLANG_ANALYZER_NONNULL = YES;
				CLANG_CXX_LANGUAGE_STANDARD = "gnu++0x";
				CLANG_CXX_LIBRARY = "libc++";
				CLANG_ENABLE_MODULES = YES;
				CLANG_ENABLE_OBJC_ARC = YES;
				CLANG_WARN_BOOL_CONVERSION = YES;
				CLANG_WARN_CONSTANT_CONVERSION = YES;
				CLANG_WARN_DIRECT_OBJC_ISA_USAGE = YES_ERROR;
				CLANG_WARN_DOCUMENTATION_COMMENTS = YES;
				CLANG_WARN_EMPTY_BODY = YES;
				CLANG_WARN_ENUM_CONVERSION = YES;
				CLANG_WARN_INFINITE_RECURSION = YES;
				CLANG_WARN_INT_CONVERSION = YES;
				CLANG_WARN_OBJC_ROOT_CLASS = YES_ERROR;
				CLANG_WARN_SUSPICIOUS_MOVE = YES;
				CLANG_WARN_SUSPICIOUS_MOVES = YES;
				CLANG_WARN_UNREACHABLE_CODE = YES;
				CLANG_WARN__DUPLICATE_METHOD_MATCH = YES;
				"CODE_SIGN_IDENTITY[sdk=iphoneos*]" = "iPhone Developer";
				COPY_PHASE_STRIP = NO;
				DEBUG_INFORMATION_FORMAT = "dwarf-with-dsym";
				ENABLE_NS_ASSERTIONS = NO;
				ENABLE_STRICT_OBJC_MSGSEND = YES;
				GCC_C_LANGUAGE_STANDARD = gnu99;
				GCC_NO_COMMON_BLOCKS = YES;
				GCC_WARN_64_TO_32_BIT_CONVERSION = YES;
				GCC_WARN_ABOUT_RETURN_TYPE = YES_ERROR;
				GCC_WARN_UNDECLARED_SELECTOR = YES;
				GCC_WARN_UNINITIALIZED_AUTOS = YES_AGGRESSIVE;
				GCC_WARN_UNUSED_FUNCTION = YES;
				GCC_WARN_UNUSED_VARIABLE = YES;
				IPHONEOS_DEPLOYMENT_TARGET = 10.1;
				MTL_ENABLE_DEBUG_INFO = NO;
				SDKROOT = iphoneos;
				VALIDATE_PRODUCT = YES;
			};
			name = Release;
		};
		1DDE535B1DCAE005003AC3B3 /* Debug */ = {
			isa = XCBuildConfiguration;
			buildSettings = {
				ASSETCATALOG_COMPILER_APPICON_NAME = AppIcon;
				DEVELOPMENT_TEAM = 92J3D5S8UZ;
				INFOPLIST_FILE = Demo/Info.plist;
				IPHONEOS_DEPLOYMENT_TARGET = 10.1;
				LD_RUNPATH_SEARCH_PATHS = "$(inherited) @executable_path/Frameworks";
				PRODUCT_BUNDLE_IDENTIFIER = com.vac.vnews;
				PRODUCT_NAME = "$(TARGET_NAME)";
				TARGETED_DEVICE_FAMILY = 1;
			};
			name = Debug;
		};
		1DDE535C1DCAE005003AC3B3 /* Release */ = {
			isa = XCBuildConfiguration;
			buildSettings = {
				ASSETCATALOG_COMPILER_APPICON_NAME = AppIcon;
				DEVELOPMENT_TEAM = 92J3D5S8UZ;
				INFOPLIST_FILE = Demo/Info.plist;
				IPHONEOS_DEPLOYMENT_TARGET = 10.1;
				LD_RUNPATH_SEARCH_PATHS = "$(inherited) @executable_path/Frameworks";
				PRODUCT_BUNDLE_IDENTIFIER = com.vac.vnews;
				PRODUCT_NAME = "$(TARGET_NAME)";
				TARGETED_DEVICE_FAMILY = 1;
			};
			name = Release;
		};
/* End XCBuildConfiguration section */

/* Begin XCConfigurationList section */
		1DDE53441DCAE005003AC3B3 /* Build configuration list for PBXProject "vnews" */ = {
			isa = XCConfigurationList;
			buildConfigurations = (
				1DDE53581DCAE005003AC3B3 /* Debug */,
				1DDE53591DCAE005003AC3B3 /* Release */,
			);
			defaultConfigurationIsVisible = 0;
			defaultConfigurationName = Release;
		};
		1DDE535A1DCAE005003AC3B3 /* Build configuration list for PBXNativeTarget "vnews" */ = {
			isa = XCConfigurationList;
			buildConfigurations = (
				1DDE535B1DCAE005003AC3B3 /* Debug */,
				1DDE535C1DCAE005003AC3B3 /* Release */,
			);
			defaultConfigurationIsVisible = 0;
			defaultConfigurationName = Release;
		};
/* End XCConfigurationList section */
	};
	rootObject = 1DDE53411DCAE005003AC3B3 /* Project object */;
}
